
Microsoft Visual Studio Solution File, Format Version 12.00
# Visual Studio Version 17
VisualStudioVersion = 17.1.32407.343
MinimumVisualStudioVersion = 10.0.40219.1
Project("{FAE04EC0-301F-11D3-BF4B-00C04F79EFBC}") = "02_BuilderDesignPattern", "02_BuilderDesignPattern\02_BuilderDesignPattern.csproj", "{AB04F35A-65EB-49B0-B545-429BD99147B2}"
EndProject
Global
	GlobalSection(SolutionConfigurationPlatforms) = preSolution
		Debug|Any CPU = Debug|Any CPU
		Release|Any CPU = Release|Any CPU
	EndGlobalSection
	GlobalSection(ProjectConfigurationPlatforms) = postSolution
		{AB04F35A-65EB-49B0-B545-429BD99147B2}.Debug|Any CPU.ActiveCfg = Debug|Any CPU
		{AB04F35A-65EB-49B0-B545-429BD99147B2}.Debug|Any CPU.Build.0 = Debug|Any CPU
		{AB04F35A-65EB-49B0-B545-429BD99147B2}.Release|Any CPU.ActiveCfg = Release|Any CPU
		{AB04F35A-65EB-49B0-B545-429BD99147B2}.Release|Any CPU.Build.0 = Release|Any CPU
	EndGlobalSection
	GlobalSection(SolutionProperties) = preSolution
		HideSolutionNode = FALSE
	EndGlobalSection
	GlobalSection(ExtensibilityGlobals) = postSolution
		SolutionGuid = {9136AFF3-10CA-4FB3-8DA9-B495A7DAE2C5}
	EndGlobalSection
EndGlobal
